
Microsoft Visual Studio Solution File, Format Version 12.00
# Visual Studio Version 17
VisualStudioVersion = 17.10.35122.118
MinimumVisualStudioVersion = 10.0.40219.1
Project("{FAE04EC0-301F-11D3-BF4B-00C04F79EFBC}") = "TestForIS_23_02", "TestForIS_23_02\TestForIS_23_02.csproj", "{5E50C946-C1B2-4D35-BF63-837E76255805}"
EndProject
Project("{FAE04EC0-301F-11D3-BF4B-00C04F79EFBC}") = "TestForIS_23_02.DB", "TestForIS_23_02.DB\TestForIS_23_02.DB.csproj", "{898F8249-F795-415B-BBFB-B7BC8DEB2462}"
EndProject
Global
	GlobalSection(SolutionConfigurationPlatforms) = preSolution
		Debug|Any CPU = Debug|Any CPU
		Release|Any CPU = Release|Any CPU
	EndGlobalSection
	GlobalSection(ProjectConfigurationPlatforms) = postSolution
		{5E50C946-C1B2-4D35-BF63-837E76255805}.Debug|Any CPU.ActiveCfg = Debug|Any CPU
		{5E50C946-C1B2-4D35-BF63-837E76255805}.Debug|Any CPU.Build.0 = Debug|Any CPU
		{5E50C946-C1B2-4D35-BF63-837E76255805}.Release|Any CPU.ActiveCfg = Release|Any CPU
		{5E50C946-C1B2-4D35-BF63-837E76255805}.Release|Any CPU.Build.0 = Release|Any CPU
		{898F8249-F795-415B-BBFB-B7BC8DEB2462}.Debug|Any CPU.ActiveCfg = Debug|Any CPU
		{898F8249-F795-415B-BBFB-B7BC8DEB2462}.Debug|Any CPU.Build.0 = Debug|Any CPU
		{898F8249-F795-415B-BBFB-B7BC8DEB2462}.Release|Any CPU.ActiveCfg = Release|Any CPU
		{898F8249-F795-415B-BBFB-B7BC8DEB2462}.Release|Any CPU.Build.0 = Release|Any CPU
	EndGlobalSection
	GlobalSection(SolutionProperties) = preSolution
		HideSolutionNode = FALSE
	EndGlobalSection
	GlobalSection(ExtensibilityGlobals) = postSolution
		SolutionGuid = {5B2C0261-E644-4C2C-87BE-B3872D3DAF99}
	EndGlobalSection
EndGlobal
